// !$*UTF8*$!
{
	archiveVersion = 1;
	classes = {
	};
	objectVersion = 42;
	objects = {

/* Begin PBXBuildFile section */
		39B21DC30B90051600526D0D /* GLUT.framework in Frameworks */ = {isa = PBXBuildFile; fileRef = 39B21DC10B90051600526D0D /* GLUT.framework */; };
		39B21DC40B90051600526D0D /* OpenGL.framework in Frameworks */ = {isa = PBXBuildFile; fileRef = 39B21DC20B90051600526D0D /* OpenGL.framework */; };
		39B21DCF0B90054F00526D0D /* body.cpp in Sources */ = {isa = PBXBuildFile; fileRef = 39B21DCC0B90054F00526D0D /* body.cpp */; };
		39B21DD00B90054F00526D0D /* glass.cpp in Sources */ = {isa = PBXBuildFile; fileRef = 39B21DCD0B90054F00526D0D /* glass.cpp */; };
		39B21DD10B90054F00526D0D /* thundergl.cpp in Sources */ = {isa = PBXBuildFile; fileRef = 39B21DCE0B90054F00526D0D /* thundergl.cpp */; };
		39B21DD50B90057E00526D0D /* gltools.cpp in Sources */ = {isa = PBXBuildFile; fileRef = 39B21DD30B90057E00526D0D /* gltools.cpp */; };
		39B21DD60B90057E00526D0D /* math3d.cpp in Sources */ = {isa = PBXBuildFile; fileRef = 39B21DD40B90057E00526D0D /* math3d.cpp */; };
		39B21DDD0B9005BE00526D0D /* TriangleMesh.cpp in Sources */ = {isa = PBXBuildFile; fileRef = 39B21DDC0B9005BE00526D0D /* TriangleMesh.cpp */; };
		39B21DEB0B9005E800526D0D /* body.tga in Resources */ = {isa = PBXBuildFile; fileRef = 39B21DE40B9005E800526D0D /* body.tga */; };
		39B21DEC0B9005E800526D0D /* neg_x.tga in Resources */ = {isa = PBXBuildFile; fileRef = 39B21DE50B9005E800526D0D /* neg_x.tga */; };
		39B21DED0B9005E800526D0D /* neg_y.tga in Resources */ = {isa = PBXBuildFile; fileRef = 39B21DE60B9005E800526D0D /* neg_y.tga */; };
		39B21DEE0B9005E800526D0D /* neg_z.tga in Resources */ = {isa = PBXBuildFile; fileRef = 39B21DE70B9005E800526D0D /* neg_z.tga */; };
		39B21DEF0B9005E800526D0D /* pos_x.tga in Resources */ = {isa = PBXBuildFile; fileRef = 39B21DE80B9005E800526D0D /* pos_x.tga */; };
		39B21DF00B9005E800526D0D /* pos_y.tga in Resources */ = {isa = PBXBuildFile; fileRef = 39B21DE90B9005E800526D0D /* pos_y.tga */; };
		39B21DF10B9005E800526D0D /* pos_z.tga in Resources */ = {isa = PBXBuildFile; fileRef = 39B21DEA0B9005E800526D0D /* pos_z.tga */; };
		8D11072A0486CEB800E47090 /* MainMenu.nib in Resources */ = {isa = PBXBuildFile; fileRef = 29B97318FDCFA39411CA2CEA /* MainMenu.nib */; };
		8D11072B0486CEB800E47090 /* InfoPlist.strings in Resources */ = {isa = PBXBuildFile; fileRef = 089C165CFE840E0CC02AAC07 /* InfoPlist.strings */; };
		8D11072F0486CEB800E47090 /* Cocoa.framework in Frameworks */ = {isa = PBXBuildFile; fileRef = 1058C7A1FEA54F0111CA2CBB /* Cocoa.framework */; };
/* End PBXBuildFile section */

/* Begin PBXFileReference section */
		089C165DFE840E0CC02AAC07 /* English */ = {isa = PBXFileReference; fileEncoding = 10; lastKnownFileType = text.plist.strings; name = English; path = English.lproj/InfoPlist.strings; sourceTree = "<group>"; };
		1058C7A1FEA54F0111CA2CBB /* Cocoa.framework */ = {isa = PBXFileReference; lastKnownFileType = wrapper.framework; name = Cocoa.framework; path = /System/Library/Frameworks/Cocoa.framework; sourceTree = "<absolute>"; };
		13E42FB307B3F0F600E4EEF1 /* CoreData.framework */ = {isa = PBXFileReference; lastKnownFileType = wrapper.framework; name = CoreData.framework; path = /System/Library/Frameworks/CoreData.framework; sourceTree = "<absolute>"; };
		29B97319FDCFA39411CA2CEA /* English */ = {isa = PBXFileReference; lastKnownFileType = wrapper.nib; name = English; path = English.lproj/MainMenu.nib; sourceTree = "<group>"; };
		29B97324FDCFA39411CA2CEA /* AppKit.framework */ = {isa = PBXFileReference; lastKnownFileType = wrapper.framework; name = AppKit.framework; path = /System/Library/Frameworks/AppKit.framework; sourceTree = "<absolute>"; };
		29B97325FDCFA39411CA2CEA /* Foundation.framework */ = {isa = PBXFileReference; lastKnownFileType = wrapper.framework; name = Foundation.framework; path = /System/Library/Frameworks/Foundation.framework; sourceTree = "<absolute>"; };
		32CA4F630368D1EE00C91783 /* ThunderGL_Prefix.pch */ = {isa = PBXFileReference; fileEncoding = 4; lastKnownFileType = sourcecode.c.h; path = ThunderGL_Prefix.pch; sourceTree = "<group>"; };
		39B21DC10B90051600526D0D /* GLUT.framework */ = {isa = PBXFileReference; lastKnownFileType = wrapper.framework; name = GLUT.framework; path = /System/Library/Frameworks/GLUT.framework; sourceTree = "<absolute>"; };
		39B21DC20B90051600526D0D /* OpenGL.framework */ = {isa = PBXFileReference; lastKnownFileType = wrapper.framework; name = OpenGL.framework; path = /System/Library/Frameworks/OpenGL.framework; sourceTree = "<absolute>"; };
		39B21DCC0B90054F00526D0D /* body.cpp */ = {isa = PBXFileReference; fileEncoding = 30; lastKnownFileType = sourcecode.cpp.cpp; name = body.cpp; path = ../../../../src/chapt11/thunderGL/body.cpp; sourceTree = SOURCE_ROOT; };
		39B21DCD0B90054F00526D0D /* glass.cpp */ = {isa = PBXFileReference; fileEncoding = 30; lastKnownFileType = sourcecode.cpp.cpp; name = glass.cpp; path = ../../../../src/chapt11/thunderGL/glass.cpp; sourceTree = SOURCE_ROOT; };
		39B21DCE0B90054F00526D0D /* thundergl.cpp */ = {isa = PBXFileReference; fileEncoding = 30; lastKnownFileType = sourcecode.cpp.cpp; name = thundergl.cpp; path = ../../../../src/chapt11/thunderGL/thundergl.cpp; sourceTree = SOURCE_ROOT; };
		39B21DD30B90057E00526D0D /* gltools.cpp */ = {isa = PBXFileReference; fileEncoding = 30; lastKnownFileType = sourcecode.cpp.cpp; name = gltools.cpp; path = ../../../../src/shared/gltools.cpp; sourceTree = SOURCE_ROOT; };
		39B21DD40B90057E00526D0D /* math3d.cpp */ = {isa = PBXFileReference; fileEncoding = 30; lastKnownFileType = sourcecode.cpp.cpp; name = math3d.cpp; path = ../../../../src/shared/math3d.cpp; sourceTree = SOURCE_ROOT; };
		39B21DDC0B9005BE00526D0D /* TriangleMesh.cpp */ = {isa = PBXFileReference; fileEncoding = 30; lastKnownFileType = sourcecode.cpp.cpp; name = TriangleMesh.cpp; path = ../../../../src/shared/TriangleMesh.cpp; sourceTree = SOURCE_ROOT; };
		39B21DE40B9005E800526D0D /* body.tga */ = {isa = PBXFileReference; lastKnownFileType = file; name = body.tga; path = ../../../../src/chapt11/thunderGL/body.tga; sourceTree = SOURCE_ROOT; };
		39B21DE50B9005E800526D0D /* neg_x.tga */ = {isa = PBXFileReference; lastKnownFileType = file; name = neg_x.tga; path = ../../../../src/chapt11/thunderGL/neg_x.tga; sourceTree = SOURCE_ROOT; };
		39B21DE60B9005E800526D0D /* neg_y.tga */ = {isa = PBXFileReference; lastKnownFileType = file; name = neg_y.tga; path = ../../../../src/chapt11/thunderGL/neg_y.tga; sourceTree = SOURCE_ROOT; };
		39B21DE70B9005E800526D0D /* neg_z.tga */ = {isa = PBXFileReference; lastKnownFileType = file; name = neg_z.tga; path = ../../../../src/chapt11/thunderGL/neg_z.tga; sourceTree = SOURCE_ROOT; };
		39B21DE80B9005E800526D0D /* pos_x.tga */ = {isa = PBXFileReference; lastKnownFileType = file; name = pos_x.tga; path = ../../../../src/chapt11/thunderGL/pos_x.tga; sourceTree = SOURCE_ROOT; };
		39B21DE90B9005E800526D0D /* pos_y.tga */ = {isa = PBXFileReference; lastKnownFileType = file; name = pos_y.tga; path = ../../../../src/chapt11/thunderGL/pos_y.tga; sourceTree = SOURCE_ROOT; };
		39B21DEA0B9005E800526D0D /* pos_z.tga */ = {isa = PBXFileReference; lastKnownFileType = file; name = pos_z.tga; path = ../../../../src/chapt11/thunderGL/pos_z.tga; sourceTree = SOURCE_ROOT; };
		8D1107310486CEB800E47090 /* Info.plist */ = {isa = PBXFileReference; fileEncoding = 4; lastKnownFileType = text.plist; path = Info.plist; sourceTree = "<group>"; };
		8D1107320486CEB800E47090 /* ThunderGL.app */ = {isa = PBXFileReference; explicitFileType = wrapper.application; includeInIndex = 0; path = ThunderGL.app; sourceTree = BUILT_PRODUCTS_DIR; };
/* End PBXFileReference section */

/* Begin PBXFrameworksBuildPhase section */
		8D11072E0486CEB800E47090 /* Frameworks */ = {
			isa = PBXFrameworksBuildPhase;
			buildActionMask = 2147483647;
			files = (
				8D11072F0486CEB800E47090 /* Cocoa.framework in Frameworks */,
				39B21DC30B90051600526D0D /* GLUT.framework in Frameworks */,
				39B21DC40B90051600526D0D /* OpenGL.framework in Frameworks */,
			);
			runOnlyForDeploymentPostprocessing = 0;
		};
/* End PBXFrameworksBuildPhase section */

/* Begin PBXGroup section */
		080E96DDFE201D6D7F000001 /* Classes */ = {
			isa = PBXGroup;
			children = (
			);
			name = Classes;
			sourceTree = "<group>";
		};
		1058C7A0FEA54F0111CA2CBB /* Linked Frameworks */ = {
			isa = PBXGroup;
			children = (
				1058C7A1FEA54F0111CA2CBB /* Cocoa.framework */,
			);
			name = "Linked Frameworks";
			sourceTree = "<group>";
		};
		1058C7A2FEA54F0111CA2CBB /* Other Frameworks */ = {
			isa = PBXGroup;
			children = (
				29B97324FDCFA39411CA2CEA /* AppKit.framework */,
				13E42FB307B3F0F600E4EEF1 /* CoreData.framework */,
				29B97325FDCFA39411CA2CEA /* Foundation.framework */,
			);
			name = "Other Frameworks";
			sourceTree = "<group>";
		};
		19C28FACFE9D520D11CA2CBB /* Products */ = {
			isa = PBXGroup;
			children = (
				8D1107320486CEB800E47090 /* ThunderGL.app */,
			);
			name = Products;
			sourceTree = "<group>";
		};
		29B97314FDCFA39411CA2CEA /* ThunderGL */ = {
			isa = PBXGroup;
			children = (
				080E96DDFE201D6D7F000001 /* Classes */,
				29B97315FDCFA39411CA2CEA /* Other Sources */,
				29B97317FDCFA39411CA2CEA /* Resources */,
				29B97323FDCFA39411CA2CEA /* Frameworks */,
				19C28FACFE9D520D11CA2CBB /* Products */,
			);
			name = ThunderGL;
			sourceTree = "<group>";
		};
		29B97315FDCFA39411CA2CEA /* Other Sources */ = {
			isa = PBXGroup;
			children = (
				39B21DD20B90055700526D0D /* shared */,
				39B21DCC0B90054F00526D0D /* body.cpp */,
				39B21DCD0B90054F00526D0D /* glass.cpp */,
				39B21DCE0B90054F00526D0D /* thundergl.cpp */,
				32CA4F630368D1EE00C91783 /* ThunderGL_Prefix.pch */,
			);
			name = "Other Sources";
			sourceTree = "<group>";
		};
		29B97317FDCFA39411CA2CEA /* Resources */ = {
			isa = PBXGroup;
			children = (
				39B21DE40B9005E800526D0D /* body.tga */,
				39B21DE50B9005E800526D0D /* neg_x.tga */,
				39B21DE60B9005E800526D0D /* neg_y.tga */,
				39B21DE70B9005E800526D0D /* neg_z.tga */,
				39B21DE80B9005E800526D0D /* pos_x.tga */,
				39B21DE90B9005E800526D0D /* pos_y.tga */,
				39B21DEA0B9005E800526D0D /* pos_z.tga */,
				8D1107310486CEB800E47090 /* Info.plist */,
				089C165CFE840E0CC02AAC07 /* InfoPlist.strings */,
				29B97318FDCFA39411CA2CEA /* MainMenu.nib */,
			);
			name = Resources;
			sourceTree = "<group>";
		};
		29B97323FDCFA39411CA2CEA /* Frameworks */ = {
			isa = PBXGroup;
			children = (
				39B21DC10B90051600526D0D /* GLUT.framework */,
				39B21DC20B90051600526D0D /* OpenGL.framework */,
				1058C7A0FEA54F0111CA2CBB /* Linked Frameworks */,
				1058C7A2FEA54F0111CA2CBB /* Other Frameworks */,
			);
			name = Frameworks;
			sourceTree = "<group>";
		};
		39B21DD20B90055700526D0D /* shared */ = {
			isa = PBXGroup;
			children = (
				39B21DDC0B9005BE00526D0D /* TriangleMesh.cpp */,
				39B21DD30B90057E00526D0D /* gltools.cpp */,
				39B21DD40B90057E00526D0D /* math3d.cpp */,
			);
			name = shared;
			sourceTree = "<group>";
		};
/* End PBXGroup section */

/* Begin PBXNativeTarget section */
		8D1107260486CEB800E47090 /* ThunderGL */ = {
			isa = PBXNativeTarget;
			buildConfigurationList = C01FCF4A08A954540054247B /* Build configuration list for PBXNativeTarget "ThunderGL" */;
			buildPhases = (
				8D1107290486CEB800E47090 /* Resources */,
				8D11072C0486CEB800E47090 /* Sources */,
				8D11072E0486CEB800E47090 /* Frameworks */,
			);
			buildRules = (
			);
			dependencies = (
			);
			name = ThunderGL;
			productInstallPath = "$(HOME)/Applications";
			productName = ThunderGL;
			productReference = 8D1107320486CEB800E47090 /* ThunderGL.app */;
			productType = "com.apple.product-type.application";
		};
/* End PBXNativeTarget section */

/* Begin PBXProject section */
		29B97313FDCFA39411CA2CEA /* Project object */ = {
			isa = PBXProject;
			buildConfigurationList = C01FCF4E08A954540054247B /* Build configuration list for PBXProject "ThunderGL" */;
			hasScannedForEncodings = 1;
			mainGroup = 29B97314FDCFA39411CA2CEA /* ThunderGL */;
			projectDirPath = "";
			targets = (
				8D1107260486CEB800E47090 /* ThunderGL */,
			);
		};
/* End PBXProject section */

/* Begin PBXResourcesBuildPhase section */
		8D1107290486CEB800E47090 /* Resources */ = {
			isa = PBXResourcesBuildPhase;
			buildActionMask = 2147483647;
			files = (
				8D11072A0486CEB800E47090 /* MainMenu.nib in Resources */,
				8D11072B0486CEB800E47090 /* InfoPlist.strings in Resources */,
				39B21DEB0B9005E800526D0D /* body.tga in Resources */,
				39B21DEC0B9005E800526D0D /* neg_x.tga in Resources */,
				39B21DED0B9005E800526D0D /* neg_y.tga in Resources */,
				39B21DEE0B9005E800526D0D /* neg_z.tga in Resources */,
				39B21DEF0B9005E800526D0D /* pos_x.tga in Resources */,
				39B21DF00B9005E800526D0D /* pos_y.tga in Resources */,
				39B21DF10B9005E800526D0D /* pos_z.tga in Resources */,
			);
			runOnlyForDeploymentPostprocessing = 0;
		};
/* End PBXResourcesBuildPhase section */

/* Begin PBXSourcesBuildPhase section */
		8D11072C0486CEB800E47090 /* Sources */ = {
			isa = PBXSourcesBuildPhase;
			buildActionMask = 2147483647;
			files = (
				39B21DCF0B90054F00526D0D /* body.cpp in Sources */,
				39B21DD00B90054F00526D0D /* glass.cpp in Sources */,
				39B21DD10B90054F00526D0D /* thundergl.cpp in Sources */,
				39B21DD50B90057E00526D0D /* gltools.cpp in Sources */,
				39B21DD60B90057E00526D0D /* math3d.cpp in Sources */,
				39B21DDD0B9005BE00526D0D /* TriangleMesh.cpp in Sources */,
			);
			runOnlyForDeploymentPostprocessing = 0;
		};
/* End PBXSourcesBuildPhase section */

/* Begin PBXVariantGroup section */
		089C165CFE840E0CC02AAC07 /* InfoPlist.strings */ = {
			isa = PBXVariantGroup;
			children = (
				089C165DFE840E0CC02AAC07 /* English */,
			);
			name = InfoPlist.strings;
			sourceTree = "<group>";
		};
		29B97318FDCFA39411CA2CEA /* MainMenu.nib */ = {
			isa = PBXVariantGroup;
			children = (
				29B97319FDCFA39411CA2CEA /* English */,
			);
			name = MainMenu.nib;
			sourceTree = "<group>";
		};
/* End PBXVariantGroup section */

/* Begin XCBuildConfiguration section */
		C01FCF4B08A954540054247B /* Debug */ = {
			isa = XCBuildConfiguration;
			buildSettings = {
				COPY_PHASE_STRIP = NO;
				GCC_DYNAMIC_NO_PIC = NO;
				GCC_ENABLE_FIX_AND_CONTINUE = YES;
				GCC_MODEL_TUNING = G5;
				GCC_OPTIMIZATION_LEVEL = 0;
				INFOPLIST_FILE = Info.plist;
				INSTALL_PATH = "$(HOME)/Applications";
				PRODUCT_NAME = ThunderGL;
				WRAPPER_EXTENSION = app;
				ZERO_LINK = YES;
			};
			name = Debug;
		};
		C01FCF4C08A954540054247B /* Release */ = {
			isa = XCBuildConfiguration;
			buildSettings = {
				ARCHS = (
					ppc,
					i386,
				);
				GCC_GENERATE_DEBUGGING_SYMBOLS = NO;
				GCC_MODEL_TUNING = G5;
				INFOPLIST_FILE = Info.plist;
				INSTALL_PATH = "$(HOME)/Applications";
				PRODUCT_NAME = ThunderGL;
				WRAPPER_EXTENSION = app;
			};
			name = Release;
		};
		C01FCF4F08A954540054247B /* Debug */ = {
			isa = XCBuildConfiguration;
			buildSettings = {
				ARCHS = (
					ppc,
					i386,
				);
				GCC_WARN_ABOUT_RETURN_TYPE = YES;
				GCC_WARN_UNUSED_VARIABLE = YES;
				PREBINDING = NO;
				SDKROOT = /Developer/SDKs/MacOSX10.4u.sdk;
			};
			name = Debug;
		};
		C01FCF5008A954540054247B /* Release */ = {
			isa = XCBuildConfiguration;
			buildSettings = {
				ARCHS = (
					ppc,
					i386,
				);
				GCC_WARN_ABOUT_RETURN_TYPE = YES;
				GCC_WARN_UNUSED_VARIABLE = YES;
				PREBINDING = NO;
				SDKROOT = /Developer/SDKs/MacOSX10.4u.sdk;
			};
			name = Release;
		};
/* End XCBuildConfiguration section */

/* Begin XCConfigurationList section */
		C01FCF4A08A954540054247B /* Build configuration list for PBXNativeTarget "ThunderGL" */ = {
			isa = XCConfigurationList;
			buildConfigurations = (
				C01FCF4B08A954540054247B /* Debug */,
				C01FCF4C08A954540054247B /* Release */,
			);
			defaultConfigurationIsVisible = 0;
			defaultConfigurationName = Release;
		};
		C01FCF4E08A954540054247B /* Build configuration list for PBXProject "ThunderGL" */ = {
			isa = XCConfigurationList;
			buildConfigurations = (
				C01FCF4F08A954540054247B /* Debug */,
				C01FCF5008A954540054247B /* Release */,
			);
			defaultConfigurationIsVisible = 0;
			defaultConfigurationName = Release;
		};
/* End XCConfigurationList section */
	};
	rootObject = 29B97313FDCFA39411CA2CEA /* Project object */;
}
